// !$*UTF8*$!
{
	archiveVersion = 1;
	classes = {
	};
	objectVersion = 56;
	objects = {

/* Begin PBXBuildFile section */
		FA7165A32B7E185A0071A3CA /* MapAppApp.swift in Sources */ = {isa = PBXBuildFile; fileRef = FA7165A22B7E185A0071A3CA /* MapAppApp.swift */; };
		FA7165A52B7E185A0071A3CA /* ContentView.swift in Sources */ = {isa = PBXBuildFile; fileRef = FA7165A42B7E185A0071A3CA /* ContentView.swift */; };
		FA7165AA2B7E185B0071A3CA /* Preview Assets.xcassets in Resources */ = {isa = PBXBuildFile; fileRef = FA7165A92B7E185B0071A3CA /* Preview Assets.xcassets */; };
		FA7165B42B7E185C0071A3CA /* MapAppTests.swift in Sources */ = {isa = PBXBuildFile; fileRef = FA7165B32B7E185C0071A3CA /* MapAppTests.swift */; };
		FA7165BE2B7E185C0071A3CA /* MapAppUITests.swift in Sources */ = {isa = PBXBuildFile; fileRef = FA7165BD2B7E185C0071A3CA /* MapAppUITests.swift */; };
		FA7165C02B7E185C0071A3CA /* MapAppUITestsLaunchTests.swift in Sources */ = {isa = PBXBuildFile; fileRef = FA7165BF2B7E185C0071A3CA /* MapAppUITestsLaunchTests.swift */; };
		FA7165CD2B7E1BC50071A3CA /* Assets.xcassets in Resources */ = {isa = PBXBuildFile; fileRef = FA7165CC2B7E1BC50071A3CA /* Assets.xcassets */; };
		FA7165D22B7E1CC40071A3CA /* Location.swift in Sources */ = {isa = PBXBuildFile; fileRef = FA7165D12B7E1CC40071A3CA /* Location.swift */; };
		FA7165D52B7E1DA90071A3CA /* LocationsDataService.swift in Sources */ = {isa = PBXBuildFile; fileRef = FA7165D42B7E1DA90071A3CA /* LocationsDataService.swift */; };
		FA7165D72B7E2DF00071A3CA /* LocationsView.swift in Sources */ = {isa = PBXBuildFile; fileRef = FA7165D62B7E2DF00071A3CA /* LocationsView.swift */; };
		FA7165D92B7E325C0071A3CA /* LocationViewModel.swift in Sources */ = {isa = PBXBuildFile; fileRef = FA7165D82B7E325C0071A3CA /* LocationViewModel.swift */; };
		FAC1F6FF2B7F97570006DDC5 /* LocationsListView.swift in Sources */ = {isa = PBXBuildFile; fileRef = FAC1F6FE2B7F97570006DDC5 /* LocationsListView.swift */; };
/* End PBXBuildFile section */

/* Begin PBXContainerItemProxy section */
		FA7165B02B7E185C0071A3CA /* PBXContainerItemProxy */ = {
			isa = PBXContainerItemProxy;
			containerPortal = FA7165972B7E185A0071A3CA /* Project object */;
			proxyType = 1;
			remoteGlobalIDString = FA71659E2B7E185A0071A3CA;
			remoteInfo = MapApp;
		};
		FA7165BA2B7E185C0071A3CA /* PBXContainerItemProxy */ = {
			isa = PBXContainerItemProxy;
			containerPortal = FA7165972B7E185A0071A3CA /* Project object */;
			proxyType = 1;
			remoteGlobalIDString = FA71659E2B7E185A0071A3CA;
			remoteInfo = MapApp;
		};
/* End PBXContainerItemProxy section */

/* Begin PBXFileReference section */
		FA71659F2B7E185A0071A3CA /* MapApp.app */ = {isa = PBXFileReference; explicitFileType = wrapper.application; includeInIndex = 0; path = MapApp.app; sourceTree = BUILT_PRODUCTS_DIR; };
		FA7165A22B7E185A0071A3CA /* MapAppApp.swift */ = {isa = PBXFileReference; lastKnownFileType = sourcecode.swift; path = MapAppApp.swift; sourceTree = "<group>"; };
		FA7165A42B7E185A0071A3CA /* ContentView.swift */ = {isa = PBXFileReference; lastKnownFileType = sourcecode.swift; path = ContentView.swift; sourceTree = "<group>"; };
		FA7165A92B7E185B0071A3CA /* Preview Assets.xcassets */ = {isa = PBXFileReference; lastKnownFileType = folder.assetcatalog; path = "Preview Assets.xcassets"; sourceTree = "<group>"; };
		FA7165AF2B7E185C0071A3CA /* MapAppTests.xctest */ = {isa = PBXFileReference; explicitFileType = wrapper.cfbundle; includeInIndex = 0; path = MapAppTests.xctest; sourceTree = BUILT_PRODUCTS_DIR; };
		FA7165B32B7E185C0071A3CA /* MapAppTests.swift */ = {isa = PBXFileReference; lastKnownFileType = sourcecode.swift; path = MapAppTests.swift; sourceTree = "<group>"; };
		FA7165B92B7E185C0071A3CA /* MapAppUITests.xctest */ = {isa = PBXFileReference; explicitFileType = wrapper.cfbundle; includeInIndex = 0; path = MapAppUITests.xctest; sourceTree = BUILT_PRODUCTS_DIR; };
		FA7165BD2B7E185C0071A3CA /* MapAppUITests.swift */ = {isa = PBXFileReference; lastKnownFileType = sourcecode.swift; path = MapAppUITests.swift; sourceTree = "<group>"; };
		FA7165BF2B7E185C0071A3CA /* MapAppUITestsLaunchTests.swift */ = {isa = PBXFileReference; lastKnownFileType = sourcecode.swift; path = MapAppUITestsLaunchTests.swift; sourceTree = "<group>"; };
		FA7165CC2B7E1BC50071A3CA /* Assets.xcassets */ = {isa = PBXFileReference; lastKnownFileType = folder.assetcatalog; path = Assets.xcassets; sourceTree = "<group>"; };
		FA7165D12B7E1CC40071A3CA /* Location.swift */ = {isa = PBXFileReference; lastKnownFileType = sourcecode.swift; path = Location.swift; sourceTree = "<group>"; };
		FA7165D42B7E1DA90071A3CA /* LocationsDataService.swift */ = {isa = PBXFileReference; fileEncoding = 4; lastKnownFileType = sourcecode.swift; path = LocationsDataService.swift; sourceTree = "<group>"; };
		FA7165D62B7E2DF00071A3CA /* LocationsView.swift */ = {isa = PBXFileReference; lastKnownFileType = sourcecode.swift; path = LocationsView.swift; sourceTree = "<group>"; };
		FA7165D82B7E325C0071A3CA /* LocationViewModel.swift */ = {isa = PBXFileReference; lastKnownFileType = sourcecode.swift; path = LocationViewModel.swift; sourceTree = "<group>"; };
		FAC1F6FE2B7F97570006DDC5 /* LocationsListView.swift */ = {isa = PBXFileReference; lastKnownFileType = sourcecode.swift; path = LocationsListView.swift; sourceTree = "<group>"; };
/* End PBXFileReference section */

/* Begin PBXFrameworksBuildPhase section */
		FA71659C2B7E185A0071A3CA /* Frameworks */ = {
			isa = PBXFrameworksBuildPhase;
			buildActionMask = 2147483647;
			files = (
			);
			runOnlyForDeploymentPostprocessing = 0;
		};
		FA7165AC2B7E185C0071A3CA /* Frameworks */ = {
			isa = PBXFrameworksBuildPhase;
			buildActionMask = 2147483647;
			files = (
			);
			runOnlyForDeploymentPostprocessing = 0;
		};
		FA7165B62B7E185C0071A3CA /* Frameworks */ = {
			isa = PBXFrameworksBuildPhase;
			buildActionMask = 2147483647;
			files = (
			);
			runOnlyForDeploymentPostprocessing = 0;
		};
/* End PBXFrameworksBuildPhase section */

/* Begin PBXGroup section */
		FA7165962B7E185A0071A3CA = {
			isa = PBXGroup;
			children = (
				FA7165A12B7E185A0071A3CA /* MapApp */,
				FA7165B22B7E185C0071A3CA /* MapAppTests */,
				FA7165BC2B7E185C0071A3CA /* MapAppUITests */,
				FA7165A02B7E185A0071A3CA /* Products */,
			);
			sourceTree = "<group>";
		};
		FA7165A02B7E185A0071A3CA /* Products */ = {
			isa = PBXGroup;
			children = (
				FA71659F2B7E185A0071A3CA /* MapApp.app */,
				FA7165AF2B7E185C0071A3CA /* MapAppTests.xctest */,
				FA7165B92B7E185C0071A3CA /* MapAppUITests.xctest */,
			);
			name = Products;
			sourceTree = "<group>";
		};
		FA7165A12B7E185A0071A3CA /* MapApp */ = {
			isa = PBXGroup;
			children = (
				FA7165A22B7E185A0071A3CA /* MapAppApp.swift */,
				FA7165A42B7E185A0071A3CA /* ContentView.swift */,
				FA7165D32B7E1D8A0071A3CA /* DataServices */,
				FA7165CF2B7E1C810071A3CA /* Views */,
				FA7165D02B7E1C8F0071A3CA /* ViewModels */,
				FA7165CE2B7E1C7C0071A3CA /* Models */,
				FA7165CC2B7E1BC50071A3CA /* Assets.xcassets */,
				FA7165A82B7E185B0071A3CA /* Preview Content */,
			);
			path = MapApp;
			sourceTree = "<group>";
		};
		FA7165A82B7E185B0071A3CA /* Preview Content */ = {
			isa = PBXGroup;
			children = (
				FA7165A92B7E185B0071A3CA /* Preview Assets.xcassets */,
			);
			path = "Preview Content";
			sourceTree = "<group>";
		};
		FA7165B22B7E185C0071A3CA /* MapAppTests */ = {
			isa = PBXGroup;
			children = (
				FA7165B32B7E185C0071A3CA /* MapAppTests.swift */,
			);
			path = MapAppTests;
			sourceTree = "<group>";
		};
		FA7165BC2B7E185C0071A3CA /* MapAppUITests */ = {
			isa = PBXGroup;
			children = (
				FA7165BD2B7E185C0071A3CA /* MapAppUITests.swift */,
				FA7165BF2B7E185C0071A3CA /* MapAppUITestsLaunchTests.swift */,
			);
			path = MapAppUITests;
			sourceTree = "<group>";
		};
		FA7165CE2B7E1C7C0071A3CA /* Models */ = {
			isa = PBXGroup;
			children = (
				FA7165D12B7E1CC40071A3CA /* Location.swift */,
			);
			path = Models;
			sourceTree = "<group>";
		};
		FA7165CF2B7E1C810071A3CA /* Views */ = {
			isa = PBXGroup;
			children = (
				FA7165D62B7E2DF00071A3CA /* LocationsView.swift */,
				FAC1F6FE2B7F97570006DDC5 /* LocationsListView.swift */,
			);
			path = Views;
			sourceTree = "<group>";
		};
		FA7165D02B7E1C8F0071A3CA /* ViewModels */ = {
			isa = PBXGroup;
			children = (
				FA7165D82B7E325C0071A3CA /* LocationViewModel.swift */,
			);
			path = ViewModels;
			sourceTree = "<group>";
		};
		FA7165D32B7E1D8A0071A3CA /* DataServices */ = {
			isa = PBXGroup;
			children = (
				FA7165D42B7E1DA90071A3CA /* LocationsDataService.swift */,
			);
			path = DataServices;
			sourceTree = "<group>";
		};
/* End PBXGroup section */

/* Begin PBXNativeTarget section */
		FA71659E2B7E185A0071A3CA /* MapApp */ = {
			isa = PBXNativeTarget;
			buildConfigurationList = FA7165C32B7E185C0071A3CA /* Build configuration list for PBXNativeTarget "MapApp" */;
			buildPhases = (
				FA71659B2B7E185A0071A3CA /* Sources */,
				FA71659C2B7E185A0071A3CA /* Frameworks */,
				FA71659D2B7E185A0071A3CA /* Resources */,
			);
			buildRules = (
			);
			dependencies = (
			);
			name = MapApp;
			productName = MapApp;
			productReference = FA71659F2B7E185A0071A3CA /* MapApp.app */;
			productType = "com.apple.product-type.application";
		};
		FA7165AE2B7E185C0071A3CA /* MapAppTests */ = {
			isa = PBXNativeTarget;
			buildConfigurationList = FA7165C62B7E185C0071A3CA /* Build configuration list for PBXNativeTarget "MapAppTests" */;
			buildPhases = (
				FA7165AB2B7E185C0071A3CA /* Sources */,
				FA7165AC2B7E185C0071A3CA /* Frameworks */,
				FA7165AD2B7E185C0071A3CA /* Resources */,
			);
			buildRules = (
			);
			dependencies = (
				FA7165B12B7E185C0071A3CA /* PBXTargetDependency */,
			);
			name = MapAppTests;
			productName = MapAppTests;
			productReference = FA7165AF2B7E185C0071A3CA /* MapAppTests.xctest */;
			productType = "com.apple.product-type.bundle.unit-test";
		};
		FA7165B82B7E185C0071A3CA /* MapAppUITests */ = {
			isa = PBXNativeTarget;
			buildConfigurationList = FA7165C92B7E185C0071A3CA /* Build configuration list for PBXNativeTarget "MapAppUITests" */;
			buildPhases = (
				FA7165B52B7E185C0071A3CA /* Sources */,
				FA7165B62B7E185C0071A3CA /* Frameworks */,
				FA7165B72B7E185C0071A3CA /* Resources */,
			);
			buildRules = (
			);
			dependencies = (
				FA7165BB2B7E185C0071A3CA /* PBXTargetDependency */,
			);
			name = MapAppUITests;
			productName = MapAppUITests;
			productReference = FA7165B92B7E185C0071A3CA /* MapAppUITests.xctest */;
			productType = "com.apple.product-type.bundle.ui-testing";
		};
/* End PBXNativeTarget section */

/* Begin PBXProject section */
		FA7165972B7E185A0071A3CA /* Project object */ = {
			isa = PBXProject;
			attributes = {
				BuildIndependentTargetsInParallel = 1;
				LastSwiftUpdateCheck = 1520;
				LastUpgradeCheck = 1520;
				TargetAttributes = {
					FA71659E2B7E185A0071A3CA = {
						CreatedOnToolsVersion = 15.2;
					};
					FA7165AE2B7E185C0071A3CA = {
						CreatedOnToolsVersion = 15.2;
						TestTargetID = FA71659E2B7E185A0071A3CA;
					};
					FA7165B82B7E185C0071A3CA = {
						CreatedOnToolsVersion = 15.2;
						TestTargetID = FA71659E2B7E185A0071A3CA;
					};
				};
			};
			buildConfigurationList = FA71659A2B7E185A0071A3CA /* Build configuration list for PBXProject "MapApp" */;
			compatibilityVersion = "Xcode 14.0";
			developmentRegion = en;
			hasScannedForEncodings = 0;
			knownRegions = (
				en,
				Base,
			);
			mainGroup = FA7165962B7E185A0071A3CA;
			productRefGroup = FA7165A02B7E185A0071A3CA /* Products */;
			projectDirPath = "";
			projectRoot = "";
			targets = (
				FA71659E2B7E185A0071A3CA /* MapApp */,
				FA7165AE2B7E185C0071A3CA /* MapAppTests */,
				FA7165B82B7E185C0071A3CA /* MapAppUITests */,
			);
		};
/* End PBXProject section */

/* Begin PBXResourcesBuildPhase section */
		FA71659D2B7E185A0071A3CA /* Resources */ = {
			isa = PBXResourcesBuildPhase;
			buildActionMask = 2147483647;
			files = (
				FA7165CD2B7E1BC50071A3CA /* Assets.xcassets in Resources */,
				FA7165AA2B7E185B0071A3CA /* Preview Assets.xcassets in Resources */,
			);
			runOnlyForDeploymentPostprocessing = 0;
		};
		FA7165AD2B7E185C0071A3CA /* Resources */ = {
			isa = PBXResourcesBuildPhase;
			buildActionMask = 2147483647;
			files = (
			);
			runOnlyForDeploymentPostprocessing = 0;
		};
		FA7165B72B7E185C0071A3CA /* Resources */ = {
			isa = PBXResourcesBuildPhase;
			buildActionMask = 2147483647;
			files = (
			);
			runOnlyForDeploymentPostprocessing = 0;
		};
/* End PBXResourcesBuildPhase section */

/* Begin PBXSourcesBuildPhase section */
		FA71659B2B7E185A0071A3CA /* Sources */ = {
			isa = PBXSourcesBuildPhase;
			buildActionMask = 2147483647;
			files = (
				FA7165D52B7E1DA90071A3CA /* LocationsDataService.swift in Sources */,
				FAC1F6FF2B7F97570006DDC5 /* LocationsListView.swift in Sources */,
				FA7165D92B7E325C0071A3CA /* LocationViewModel.swift in Sources */,
				FA7165A52B7E185A0071A3CA /* ContentView.swift in Sources */,
				FA7165D72B7E2DF00071A3CA /* LocationsView.swift in Sources */,
				FA7165D22B7E1CC40071A3CA /* Location.swift in Sources */,
				FA7165A32B7E185A0071A3CA /* MapAppApp.swift in Sources */,
			);
			runOnlyForDeploymentPostprocessing = 0;
		};
		FA7165AB2B7E185C0071A3CA /* Sources */ = {
			isa = PBXSourcesBuildPhase;
			buildActionMask = 2147483647;
			files = (
				FA7165B42B7E185C0071A3CA /* MapAppTests.swift in Sources */,
			);
			runOnlyForDeploymentPostprocessing = 0;
		};
		FA7165B52B7E185C0071A3CA /* Sources */ = {
			isa = PBXSourcesBuildPhase;
			buildActionMask = 2147483647;
			files = (
				FA7165BE2B7E185C0071A3CA /* MapAppUITests.swift in Sources */,
				FA7165C02B7E185C0071A3CA /* MapAppUITestsLaunchTests.swift in Sources */,
			);
			runOnlyForDeploymentPostprocessing = 0;
		};
/* End PBXSourcesBuildPhase section */

/* Begin PBXTargetDependency section */
		FA7165B12B7E185C0071A3CA /* PBXTargetDependency */ = {
			isa = PBXTargetDependency;
			target = FA71659E2B7E185A0071A3CA /* MapApp */;
			targetProxy = FA7165B02B7E185C0071A3CA /* PBXContainerItemProxy */;
		};
		FA7165BB2B7E185C0071A3CA /* PBXTargetDependency */ = {
			isa = PBXTargetDependency;
			target = FA71659E2B7E185A0071A3CA /* MapApp */;
			targetProxy = FA7165BA2B7E185C0071A3CA /* PBXContainerItemProxy */;
		};
/* End PBXTargetDependency section */

/* Begin XCBuildConfiguration section */
		FA7165C12B7E185C0071A3CA /* Debug */ = {
			isa = XCBuildConfiguration;
			buildSettings = {
				ALWAYS_SEARCH_USER_PATHS = NO;
				ASSETCATALOG_COMPILER_GENERATE_SWIFT_ASSET_SYMBOL_EXTENSIONS = YES;
				CLANG_ANALYZER_NONNULL = YES;
				CLANG_ANALYZER_NUMBER_OBJECT_CONVERSION = YES_AGGRESSIVE;
				CLANG_CXX_LANGUAGE_STANDARD = "gnu++20";
				CLANG_ENABLE_MODULES = YES;
				CLANG_ENABLE_OBJC_ARC = YES;
				CLANG_ENABLE_OBJC_WEAK = YES;
				CLANG_WARN_BLOCK_CAPTURE_AUTORELEASING = YES;
				CLANG_WARN_BOOL_CONVERSION = YES;
				CLANG_WARN_COMMA = YES;
				CLANG_WARN_CONSTANT_CONVERSION = YES;
				CLANG_WARN_DEPRECATED_OBJC_IMPLEMENTATIONS = YES;
				CLANG_WARN_DIRECT_OBJC_ISA_USAGE = YES_ERROR;
				CLANG_WARN_DOCUMENTATION_COMMENTS = YES;
				CLANG_WARN_EMPTY_BODY = YES;
				CLANG_WARN_ENUM_CONVERSION = YES;
				CLANG_WARN_INFINITE_RECURSION = YES;
				CLANG_WARN_INT_CONVERSION = YES;
				CLANG_WARN_NON_LITERAL_NULL_CONVERSION = YES;
				CLANG_WARN_OBJC_IMPLICIT_RETAIN_SELF = YES;
				CLANG_WARN_OBJC_LITERAL_CONVERSION = YES;
				CLANG_WARN_OBJC_ROOT_CLASS = YES_ERROR;
				CLANG_WARN_QUOTED_INCLUDE_IN_FRAMEWORK_HEADER = YES;
				CLANG_WARN_RANGE_LOOP_ANALYSIS = YES;
				CLANG_WARN_STRICT_PROTOTYPES = YES;
				CLANG_WARN_SUSPICIOUS_MOVE = YES;
				CLANG_WARN_UNGUARDED_AVAILABILITY = YES_AGGRESSIVE;
				CLANG_WARN_UNREACHABLE_CODE = YES;
				CLANG_WARN__DUPLICATE_METHOD_MATCH = YES;
				COPY_PHASE_STRIP = NO;
				DEBUG_INFORMATION_FORMAT = dwarf;
				ENABLE_STRICT_OBJC_MSGSEND = YES;
				ENABLE_TESTABILITY = YES;
				ENABLE_USER_SCRIPT_SANDBOXING = YES;
				GCC_C_LANGUAGE_STANDARD = gnu17;
				GCC_DYNAMIC_NO_PIC = NO;
				GCC_NO_COMMON_BLOCKS = YES;
				GCC_OPTIMIZATION_LEVEL = 0;
				GCC_PREPROCESSOR_DEFINITIONS = (
					"DEBUG=1",
					"$(inherited)",
				);
				GCC_WARN_64_TO_32_BIT_CONVERSION = YES;
				GCC_WARN_ABOUT_RETURN_TYPE = YES_ERROR;
				GCC_WARN_UNDECLARED_SELECTOR = YES;
				GCC_WARN_UNINITIALIZED_AUTOS = YES_AGGRESSIVE;
				GCC_WARN_UNUSED_FUNCTION = YES;
				GCC_WARN_UNUSED_VARIABLE = YES;
				IPHONEOS_DEPLOYMENT_TARGET = 17.2;
				LOCALIZATION_PREFERS_STRING_CATALOGS = YES;
				MTL_ENABLE_DEBUG_INFO = INCLUDE_SOURCE;
				MTL_FAST_MATH = YES;
				ONLY_ACTIVE_ARCH = YES;
				SDKROOT = iphoneos;
				SWIFT_ACTIVE_COMPILATION_CONDITIONS = "DEBUG $(inherited)";
				SWIFT_OPTIMIZATION_LEVEL = "-Onone";
			};
			name = Debug;
		};
		FA7165C22B7E185C0071A3CA /* Release */ = {
			isa = XCBuildConfiguration;
			buildSettings = {
				ALWAYS_SEARCH_USER_PATHS = NO;
				ASSETCATALOG_COMPILER_GENERATE_SWIFT_ASSET_SYMBOL_EXTENSIONS = YES;
				CLANG_ANALYZER_NONNULL = YES;
				CLANG_ANALYZER_NUMBER_OBJECT_CONVERSION = YES_AGGRESSIVE;
				CLANG_CXX_LANGUAGE_STANDARD = "gnu++20";
				CLANG_ENABLE_MODULES = YES;
				CLANG_ENABLE_OBJC_ARC = YES;
				CLANG_ENABLE_OBJC_WEAK = YES;
				CLANG_WARN_BLOCK_CAPTURE_AUTORELEASING = YES;
				CLANG_WARN_BOOL_CONVERSION = YES;
				CLANG_WARN_COMMA = YES;
				CLANG_WARN_CONSTANT_CONVERSION = YES;
				CLANG_WARN_DEPRECATED_OBJC_IMPLEMENTATIONS = YES;
				CLANG_WARN_DIRECT_OBJC_ISA_USAGE = YES_ERROR;
				CLANG_WARN_DOCUMENTATION_COMMENTS = YES;
				CLANG_WARN_EMPTY_BODY = YES;
				CLANG_WARN_ENUM_CONVERSION = YES;
				CLANG_WARN_INFINITE_RECURSION = YES;
				CLANG_WARN_INT_CONVERSION = YES;
				CLANG_WARN_NON_LITERAL_NULL_CONVERSION = YES;
				CLANG_WARN_OBJC_IMPLICIT_RETAIN_SELF = YES;
				CLANG_WARN_OBJC_LITERAL_CONVERSION = YES;
				CLANG_WARN_OBJC_ROOT_CLASS = YES_ERROR;
				CLANG_WARN_QUOTED_INCLUDE_IN_FRAMEWORK_HEADER = YES;
				CLANG_WARN_RANGE_LOOP_ANALYSIS = YES;
				CLANG_WARN_STRICT_PROTOTYPES = YES;
				CLANG_WARN_SUSPICIOUS_MOVE = YES;
				CLANG_WARN_UNGUARDED_AVAILABILITY = YES_AGGRESSIVE;
				CLANG_WARN_UNREACHABLE_CODE = YES;
				CLANG_WARN__DUPLICATE_METHOD_MATCH = YES;
				COPY_PHASE_STRIP = NO;
				DEBUG_INFORMATION_FORMAT = "dwarf-with-dsym";
				ENABLE_NS_ASSERTIONS = NO;
				ENABLE_STRICT_OBJC_MSGSEND = YES;
				ENABLE_USER_SCRIPT_SANDBOXING = YES;
				GCC_C_LANGUAGE_STANDARD = gnu17;
				GCC_NO_COMMON_BLOCKS = YES;
				GCC_WARN_64_TO_32_BIT_CONVERSION = YES;
				GCC_WARN_ABOUT_RETURN_TYPE = YES_ERROR;
				GCC_WARN_UNDECLARED_SELECTOR = YES;
				GCC_WARN_UNINITIALIZED_AUTOS = YES_AGGRESSIVE;
				GCC_WARN_UNUSED_FUNCTION = YES;
				GCC_WARN_UNUSED_VARIABLE = YES;
				IPHONEOS_DEPLOYMENT_TARGET = 17.2;
				LOCALIZATION_PREFERS_STRING_CATALOGS = YES;
				MTL_ENABLE_DEBUG_INFO = NO;
				MTL_FAST_MATH = YES;
				SDKROOT = iphoneos;
				SWIFT_COMPILATION_MODE = wholemodule;
				VALIDATE_PRODUCT = YES;
			};
			name = Release;
		};
		FA7165C42B7E185C0071A3CA /* Debug */ = {
			isa = XCBuildConfiguration;
			buildSettings = {
				ASSETCATALOG_COMPILER_APPICON_NAME = AppIcon;
				ASSETCATALOG_COMPILER_GLOBAL_ACCENT_COLOR_NAME = AccentColor;
				CODE_SIGN_STYLE = Automatic;
				CURRENT_PROJECT_VERSION = 1;
				DEVELOPMENT_ASSET_PATHS = "\"MapApp/Preview Content\"";
				ENABLE_PREVIEWS = YES;
				GENERATE_INFOPLIST_FILE = YES;
				INFOPLIST_KEY_UIApplicationSceneManifest_Generation = YES;
				INFOPLIST_KEY_UIApplicationSupportsIndirectInputEvents = YES;
				INFOPLIST_KEY_UILaunchScreen_Generation = YES;
				INFOPLIST_KEY_UISupportedInterfaceOrientations_iPad = "UIInterfaceOrientationPortrait UIInterfaceOrientationPortraitUpsideDown UIInterfaceOrientationLandscapeLeft UIInterfaceOrientationLandscapeRight";
				INFOPLIST_KEY_UISupportedInterfaceOrientations_iPhone = "UIInterfaceOrientationPortrait UIInterfaceOrientationLandscapeLeft UIInterfaceOrientationLandscapeRight";
				LD_RUNPATH_SEARCH_PATHS = (
					"$(inherited)",
					"@executable_path/Frameworks",
				);
				MARKETING_VERSION = 1.0;
				PRODUCT_BUNDLE_IDENTIFIER = murad.MapApp;
				PRODUCT_NAME = "$(TARGET_NAME)";
				SWIFT_EMIT_LOC_STRINGS = YES;
				SWIFT_VERSION = 5.0;
				TARGETED_DEVICE_FAMILY = "1,2";
			};
			name = Debug;
		};
		FA7165C52B7E185C0071A3CA /* Release */ = {
			isa = XCBuildConfiguration;
			buildSettings = {
				ASSETCATALOG_COMPILER_APPICON_NAME = AppIcon;
				ASSETCATALOG_COMPILER_GLOBAL_ACCENT_COLOR_NAME = AccentColor;
				CODE_SIGN_STYLE = Automatic;
				CURRENT_PROJECT_VERSION = 1;
				DEVELOPMENT_ASSET_PATHS = "\"MapApp/Preview Content\"";
				ENABLE_PREVIEWS = YES;
				GENERATE_INFOPLIST_FILE = YES;
				INFOPLIST_KEY_UIApplicationSceneManifest_Generation = YES;
				INFOPLIST_KEY_UIApplicationSupportsIndirectInputEvents = YES;
				INFOPLIST_KEY_UILaunchScreen_Generation = YES;
				INFOPLIST_KEY_UISupportedInterfaceOrientations_iPad = "UIInterfaceOrientationPortrait UIInterfaceOrientationPortraitUpsideDown UIInterfaceOrientationLandscapeLeft UIInterfaceOrientationLandscapeRight";
				INFOPLIST_KEY_UISupportedInterfaceOrientations_iPhone = "UIInterfaceOrientationPortrait UIInterfaceOrientationLandscapeLeft UIInterfaceOrientationLandscapeRight";
				LD_RUNPATH_SEARCH_PATHS = (
					"$(inherited)",
					"@executable_path/Frameworks",
				);
				MARKETING_VERSION = 1.0;
				PRODUCT_BUNDLE_IDENTIFIER = murad.MapApp;
				PRODUCT_NAME = "$(TARGET_NAME)";
				SWIFT_EMIT_LOC_STRINGS = YES;
				SWIFT_VERSION = 5.0;
				TARGETED_DEVICE_FAMILY = "1,2";
			};
			name = Release;
		};
		FA7165C72B7E185C0071A3CA /* Debug */ = {
			isa = XCBuildConfiguration;
			buildSettings = {
				ALWAYS_EMBED_SWIFT_STANDARD_LIBRARIES = YES;
				BUNDLE_LOADER = "$(TEST_HOST)";
				CODE_SIGN_STYLE = Automatic;
				CURRENT_PROJECT_VERSION = 1;
				GENERATE_INFOPLIST_FILE = YES;
				IPHONEOS_DEPLOYMENT_TARGET = 17.2;
				MARKETING_VERSION = 1.0;
				PRODUCT_BUNDLE_IDENTIFIER = murad.MapAppTests;
				PRODUCT_NAME = "$(TARGET_NAME)";
				SWIFT_EMIT_LOC_STRINGS = NO;
				SWIFT_VERSION = 5.0;
				TARGETED_DEVICE_FAMILY = "1,2";
				TEST_HOST = "$(BUILT_PRODUCTS_DIR)/MapApp.app/$(BUNDLE_EXECUTABLE_FOLDER_PATH)/MapApp";
			};
			name = Debug;
		};
		FA7165C82B7E185C0071A3CA /* Release */ = {
			isa = XCBuildConfiguration;
			buildSettings = {
				ALWAYS_EMBED_SWIFT_STANDARD_LIBRARIES = YES;
				BUNDLE_LOADER = "$(TEST_HOST)";
				CODE_SIGN_STYLE = Automatic;
				CURRENT_PROJECT_VERSION = 1;
				GENERATE_INFOPLIST_FILE = YES;
				IPHONEOS_DEPLOYMENT_TARGET = 17.2;
				MARKETING_VERSION = 1.0;
				PRODUCT_BUNDLE_IDENTIFIER = murad.MapAppTests;
				PRODUCT_NAME = "$(TARGET_NAME)";
				SWIFT_EMIT_LOC_STRINGS = NO;
				SWIFT_VERSION = 5.0;
				TARGETED_DEVICE_FAMILY = "1,2";
				TEST_HOST = "$(BUILT_PRODUCTS_DIR)/MapApp.app/$(BUNDLE_EXECUTABLE_FOLDER_PATH)/MapApp";
			};
			name = Release;
		};
		FA7165CA2B7E185C0071A3CA /* Debug */ = {
			isa = XCBuildConfiguration;
			buildSettings = {
				ALWAYS_EMBED_SWIFT_STANDARD_LIBRARIES = YES;
				CODE_SIGN_STYLE = Automatic;
				CURRENT_PROJECT_VERSION = 1;
				GENERATE_INFOPLIST_FILE = YES;
				MARKETING_VERSION = 1.0;
				PRODUCT_BUNDLE_IDENTIFIER = murad.MapAppUITests;
				PRODUCT_NAME = "$(TARGET_NAME)";
				SWIFT_EMIT_LOC_STRINGS = NO;
				SWIFT_VERSION = 5.0;
				TARGETED_DEVICE_FAMILY = "1,2";
				TEST_TARGET_NAME = MapApp;
			};
			name = Debug;
		};
		FA7165CB2B7E185C0071A3CA /* Release */ = {
			isa = XCBuildConfiguration;
			buildSettings = {
				ALWAYS_EMBED_SWIFT_STANDARD_LIBRARIES = YES;
				CODE_SIGN_STYLE = Automatic;
				CURRENT_PROJECT_VERSION = 1;
				GENERATE_INFOPLIST_FILE = YES;
				MARKETING_VERSION = 1.0;
				PRODUCT_BUNDLE_IDENTIFIER = murad.MapAppUITests;
				PRODUCT_NAME = "$(TARGET_NAME)";
				SWIFT_EMIT_LOC_STRINGS = NO;
				SWIFT_VERSION = 5.0;
				TARGETED_DEVICE_FAMILY = "1,2";
				TEST_TARGET_NAME = MapApp;
			};
			name = Release;
		};
/* End XCBuildConfiguration section */

/* Begin XCConfigurationList section */
		FA71659A2B7E185A0071A3CA /* Build configuration list for PBXProject "MapApp" */ = {
			isa = XCConfigurationList;
			buildConfigurations = (
				FA7165C12B7E185C0071A3CA /* Debug */,
				FA7165C22B7E185C0071A3CA /* Release */,
			);
			defaultConfigurationIsVisible = 0;
			defaultConfigurationName = Release;
		};
		FA7165C32B7E185C0071A3CA /* Build configuration list for PBXNativeTarget "MapApp" */ = {
			isa = XCConfigurationList;
			buildConfigurations = (
				FA7165C42B7E185C0071A3CA /* Debug */,
				FA7165C52B7E185C0071A3CA /* Release */,
			);
			defaultConfigurationIsVisible = 0;
			defaultConfigurationName = Release;
		};
		FA7165C62B7E185C0071A3CA /* Build configuration list for PBXNativeTarget "MapAppTests" */ = {
			isa = XCConfigurationList;
			buildConfigurations = (
				FA7165C72B7E185C0071A3CA /* Debug */,
				FA7165C82B7E185C0071A3CA /* Release */,
			);
			defaultConfigurationIsVisible = 0;
			defaultConfigurationName = Release;
		};
		FA7165C92B7E185C0071A3CA /* Build configuration list for PBXNativeTarget "MapAppUITests" */ = {
			isa = XCConfigurationList;
			buildConfigurations = (
				FA7165CA2B7E185C0071A3CA /* Debug */,
				FA7165CB2B7E185C0071A3CA /* Release */,
			);
			defaultConfigurationIsVisible = 0;
			defaultConfigurationName = Release;
		};
/* End XCConfigurationList section */
	};
	rootObject = FA7165972B7E185A0071A3CA /* Project object */;
}
